// !$*UTF8*$!
{
	archiveVersion = 1;
	classes = {
	};
	objectVersion = 46;
	objects = {

/* Begin PBXBuildFile section */
		DA7EE8C81ED5170A00EFEF28 /* AppDelegate.swift in Sources */ = {isa = PBXBuildFile; fileRef = DA7EE8C71ED5170A00EFEF28 /* AppDelegate.swift */; };
		DA7EE8CF1ED5170A00EFEF28 /* Assets.xcassets in Resources */ = {isa = PBXBuildFile; fileRef = DA7EE8CE1ED5170A00EFEF28 /* Assets.xcassets */; };
		DA7EE8D21ED5170A00EFEF28 /* LaunchScreen.storyboard in Resources */ = {isa = PBXBuildFile; fileRef = DA7EE8D01ED5170A00EFEF28 /* LaunchScreen.storyboard */; };
		DA7EE8DC1ED5177800EFEF28 /* Main.storyboard in Resources */ = {isa = PBXBuildFile; fileRef = DA7EE8DB1ED5177800EFEF28 /* Main.storyboard */; };
		DA7EE8E11ED517B700EFEF28 /* HTMLDocument.swift in Sources */ = {isa = PBXBuildFile; fileRef = DA7EE8DD1ED517B700EFEF28 /* HTMLDocument.swift */; };
		DA7EE8E21ED517B700EFEF28 /* ParseResultsOperation.swift in Sources */ = {isa = PBXBuildFile; fileRef = DA7EE8DE1ED517B700EFEF28 /* ParseResultsOperation.swift */; };
		DA7EE8E31ED517B700EFEF28 /* ParseResultsProcessor.swift in Sources */ = {isa = PBXBuildFile; fileRef = DA7EE8DF1ED517B700EFEF28 /* ParseResultsProcessor.swift */; };
		DA7EE8E41ED517B800EFEF28 /* ViewController.swift in Sources */ = {isa = PBXBuildFile; fileRef = DA7EE8E01ED517B700EFEF28 /* ViewController.swift */; };
/* End PBXBuildFile section */

/* Begin PBXFileReference section */
		DA7EE8C41ED5170A00EFEF28 /* SimpleOperationQueue.app */ = {isa = PBXFileReference; explicitFileType = wrapper.application; includeInIndex = 0; path = SimpleOperationQueue.app; sourceTree = BUILT_PRODUCTS_DIR; };
		DA7EE8C71ED5170A00EFEF28 /* AppDelegate.swift */ = {isa = PBXFileReference; lastKnownFileType = sourcecode.swift; path = AppDelegate.swift; sourceTree = "<group>"; };
		DA7EE8CE1ED5170A00EFEF28 /* Assets.xcassets */ = {isa = PBXFileReference; lastKnownFileType = folder.assetcatalog; path = Assets.xcassets; sourceTree = "<group>"; };
		DA7EE8D11ED5170A00EFEF28 /* Base */ = {isa = PBXFileReference; lastKnownFileType = file.storyboard; name = Base; path = Base.lproj/LaunchScreen.storyboard; sourceTree = "<group>"; };
		DA7EE8D31ED5170A00EFEF28 /* Info.plist */ = {isa = PBXFileReference; lastKnownFileType = text.plist.xml; path = Info.plist; sourceTree = "<group>"; };
		DA7EE8DB1ED5177800EFEF28 /* Main.storyboard */ = {isa = PBXFileReference; fileEncoding = 4; lastKnownFileType = file.storyboard; path = Main.storyboard; sourceTree = "<group>"; };
		DA7EE8DD1ED517B700EFEF28 /* HTMLDocument.swift */ = {isa = PBXFileReference; fileEncoding = 4; lastKnownFileType = sourcecode.swift; path = HTMLDocument.swift; sourceTree = "<group>"; };
		DA7EE8DE1ED517B700EFEF28 /* ParseResultsOperation.swift */ = {isa = PBXFileReference; fileEncoding = 4; lastKnownFileType = sourcecode.swift; path = ParseResultsOperation.swift; sourceTree = "<group>"; };
		DA7EE8DF1ED517B700EFEF28 /* ParseResultsProcessor.swift */ = {isa = PBXFileReference; fileEncoding = 4; lastKnownFileType = sourcecode.swift; path = ParseResultsProcessor.swift; sourceTree = "<group>"; };
		DA7EE8E01ED517B700EFEF28 /* ViewController.swift */ = {isa = PBXFileReference; fileEncoding = 4; lastKnownFileType = sourcecode.swift; path = ViewController.swift; sourceTree = "<group>"; };
/* End PBXFileReference section */

/* Begin PBXFrameworksBuildPhase section */
		DA7EE8C11ED5170A00EFEF28 /* Frameworks */ = {
			isa = PBXFrameworksBuildPhase;
			buildActionMask = 2147483647;
			files = (
			);
			runOnlyForDeploymentPostprocessing = 0;
		};
/* End PBXFrameworksBuildPhase section */

/* Begin PBXGroup section */
		DA7EE8BB1ED5170A00EFEF28 = {
			isa = PBXGroup;
			children = (
				DA7EE8C61ED5170A00EFEF28 /* SimpleOperationQueue */,
				DA7EE8C51ED5170A00EFEF28 /* Products */,
			);
			sourceTree = "<group>";
		};
		DA7EE8C51ED5170A00EFEF28 /* Products */ = {
			isa = PBXGroup;
			children = (
				DA7EE8C41ED5170A00EFEF28 /* SimpleOperationQueue.app */,
			);
			name = Products;
			sourceTree = "<group>";
		};
		DA7EE8C61ED5170A00EFEF28 /* SimpleOperationQueue */ = {
			isa = PBXGroup;
			children = (
				DA7EE8DD1ED517B700EFEF28 /* HTMLDocument.swift */,
				DA7EE8DE1ED517B700EFEF28 /* ParseResultsOperation.swift */,
				DA7EE8DF1ED517B700EFEF28 /* ParseResultsProcessor.swift */,
				DA7EE8E01ED517B700EFEF28 /* ViewController.swift */,
				DA7EE8DB1ED5177800EFEF28 /* Main.storyboard */,
				DA7EE8C71ED5170A00EFEF28 /* AppDelegate.swift */,
				DA7EE8CE1ED5170A00EFEF28 /* Assets.xcassets */,
				DA7EE8D01ED5170A00EFEF28 /* LaunchScreen.storyboard */,
				DA7EE8D31ED5170A00EFEF28 /* Info.plist */,
			);
			path = SimpleOperationQueue;
			sourceTree = "<group>";
		};
/* End PBXGroup section */

/* Begin PBXNativeTarget section */
		DA7EE8C31ED5170A00EFEF28 /* SimpleOperationQueue */ = {
			isa = PBXNativeTarget;
			buildConfigurationList = DA7EE8D61ED5170A00EFEF28 /* Build configuration list for PBXNativeTarget "SimpleOperationQueue" */;
			buildPhases = (
				DA7EE8C01ED5170A00EFEF28 /* Sources */,
				DA7EE8C11ED5170A00EFEF28 /* Frameworks */,
				DA7EE8C21ED5170A00EFEF28 /* Resources */,
			);
			buildRules = (
			);
			dependencies = (
			);
			name = SimpleOperationQueue;
			productName = SimpleOperationQueue;
			productReference = DA7EE8C41ED5170A00EFEF28 /* SimpleOperationQueue.app */;
			productType = "com.apple.product-type.application";
		};
/* End PBXNativeTarget section */

/* Begin PBXProject section */
		DA7EE8BC1ED5170A00EFEF28 /* Project object */ = {
			isa = PBXProject;
			attributes = {
				LastSwiftUpdateCheck = 0830;
				LastUpgradeCheck = 0830;
				ORGANIZATIONNAME = "Paul Linck";
				TargetAttributes = {
					DA7EE8C31ED5170A00EFEF28 = {
						CreatedOnToolsVersion = 8.3.2;
						DevelopmentTeam = 733J326MK6;
						ProvisioningStyle = Automatic;
					};
				};
			};
			buildConfigurationList = DA7EE8BF1ED5170A00EFEF28 /* Build configuration list for PBXProject "SimpleOperationQueue" */;
			compatibilityVersion = "Xcode 3.2";
			developmentRegion = English;
			hasScannedForEncodings = 0;
			knownRegions = (
				en,
				Base,
			);
			mainGroup = DA7EE8BB1ED5170A00EFEF28;
			productRefGroup = DA7EE8C51ED5170A00EFEF28 /* Products */;
			projectDirPath = "";
			projectRoot = "";
			targets = (
				DA7EE8C31ED5170A00EFEF28 /* SimpleOperationQueue */,
			);
		};
/* End PBXProject section */

/* Begin PBXResourcesBuildPhase section */
		DA7EE8C21ED5170A00EFEF28 /* Resources */ = {
			isa = PBXResourcesBuildPhase;
			buildActionMask = 2147483647;
			files = (
				DA7EE8D21ED5170A00EFEF28 /* LaunchScreen.storyboard in Resources */,
				DA7EE8CF1ED5170A00EFEF28 /* Assets.xcassets in Resources */,
				DA7EE8DC1ED5177800EFEF28 /* Main.storyboard in Resources */,
			);
			runOnlyForDeploymentPostprocessing = 0;
		};
/* End PBXResourcesBuildPhase section */

/* Begin PBXSourcesBuildPhase section */
		DA7EE8C01ED5170A00EFEF28 /* Sources */ = {
			isa = PBXSourcesBuildPhase;
			buildActionMask = 2147483647;
			files = (
				DA7EE8E41ED517B800EFEF28 /* ViewController.swift in Sources */,
				DA7EE8E21ED517B700EFEF28 /* ParseResultsOperation.swift in Sources */,
				DA7EE8C81ED5170A00EFEF28 /* AppDelegate.swift in Sources */,
				DA7EE8E11ED517B700EFEF28 /* HTMLDocument.swift in Sources */,
				DA7EE8E31ED517B700EFEF28 /* ParseResultsProcessor.swift in Sources */,
			);
			runOnlyForDeploymentPostprocessing = 0;
		};
/* End PBXSourcesBuildPhase section */

/* Begin PBXVariantGroup section */
		DA7EE8D01ED5170A00EFEF28 /* LaunchScreen.storyboard */ = {
			isa = PBXVariantGroup;
			children = (
				DA7EE8D11ED5170A00EFEF28 /* Base */,
			);
			name = LaunchScreen.storyboard;
			sourceTree = "<group>";
		};
/* End PBXVariantGroup section */

/* Begin XCBuildConfiguration section */
		DA7EE8D41ED5170A00EFEF28 /* Debug */ = {
			isa = XCBuildConfiguration;
			buildSettings = {
				ALWAYS_SEARCH_USER_PATHS = NO;
				CLANG_ANALYZER_NONNULL = YES;
				CLANG_ANALYZER_NUMBER_OBJECT_CONVERSION = YES_AGGRESSIVE;
				CLANG_CXX_LANGUAGE_STANDARD = "gnu++0x";
				CLANG_CXX_LIBRARY = "libc++";
				CLANG_ENABLE_MODULES = YES;
				CLANG_ENABLE_OBJC_ARC = YES;
				CLANG_WARN_BOOL_CONVERSION = YES;
				CLANG_WARN_CONSTANT_CONVERSION = YES;
				CLANG_WARN_DIRECT_OBJC_ISA_USAGE = YES_ERROR;
				CLANG_WARN_DOCUMENTATION_COMMENTS = YES;
				CLANG_WARN_EMPTY_BODY = YES;
				CLANG_WARN_ENUM_CONVERSION = YES;
				CLANG_WARN_INFINITE_RECURSION = YES;
				CLANG_WARN_INT_CONVERSION = YES;
				CLANG_WARN_OBJC_ROOT_CLASS = YES_ERROR;
				CLANG_WARN_SUSPICIOUS_MOVE = YES;
				CLANG_WARN_UNREACHABLE_CODE = YES;
				CLANG_WARN__DUPLICATE_METHOD_MATCH = YES;
				"CODE_SIGN_IDENTITY[sdk=iphoneos*]" = "iPhone Developer";
				COPY_PHASE_STRIP = NO;
				DEBUG_INFORMATION_FORMAT = dwarf;
				ENABLE_STRICT_OBJC_MSGSEND = YES;
				ENABLE_TESTABILITY = YES;
				GCC_C_LANGUAGE_STANDARD = gnu99;
				GCC_DYNAMIC_NO_PIC = NO;
				GCC_NO_COMMON_BLOCKS = YES;
				GCC_OPTIMIZATION_LEVEL = 0;
				GCC_PREPROCESSOR_DEFINITIONS = (
					"DEBUG=1",
					"$(inherited)",
				);
				GCC_WARN_64_TO_32_BIT_CONVERSION = YES;
				GCC_WARN_ABOUT_RETURN_TYPE = YES_ERROR;
				GCC_WARN_UNDECLARED_SELECTOR = YES;
				GCC_WARN_UNINITIALIZED_AUTOS = YES_AGGRESSIVE;
				GCC_WARN_UNUSED_FUNCTION = YES;
				GCC_WARN_UNUSED_VARIABLE = YES;
				IPHONEOS_DEPLOYMENT_TARGET = 10.3;
				MTL_ENABLE_DEBUG_INFO = YES;
				ONLY_ACTIVE_ARCH = YES;
				SDKROOT = iphoneos;
				SWIFT_ACTIVE_COMPILATION_CONDITIONS = DEBUG;
				SWIFT_OPTIMIZATION_LEVEL = "-Onone";
				TARGETED_DEVICE_FAMILY = "1,2";
			};
			name = Debug;
		};
		DA7EE8D51ED5170A00EFEF28 /* Release */ = {
			isa = XCBuildConfiguration;
			buildSettings = {
				ALWAYS_SEARCH_USER_PATHS = NO;
				CLANG_ANALYZER_NONNULL = YES;
				CLANG_ANALYZER_NUMBER_OBJECT_CONVERSION = YES_AGGRESSIVE;
				CLANG_CXX_LANGUAGE_STANDARD = "gnu++0x";
				CLANG_CXX_LIBRARY = "libc++";
				CLANG_ENABLE_MODULES = YES;
				CLANG_ENABLE_OBJC_ARC = YES;
				CLANG_WARN_BOOL_CONVERSION = YES;
				CLANG_WARN_CONSTANT_CONVERSION = YES;
				CLANG_WARN_DIRECT_OBJC_ISA_USAGE = YES_ERROR;
				CLANG_WARN_DOCUMENTATION_COMMENTS = YES;
				CLANG_WARN_EMPTY_BODY = YES;
				CLANG_WARN_ENUM_CONVERSION = YES;
				CLANG_WARN_INFINITE_RECURSION = YES;
				CLANG_WARN_INT_CONVERSION = YES;
				CLANG_WARN_OBJC_ROOT_CLASS = YES_ERROR;
				CLANG_WARN_SUSPICIOUS_MOVE = YES;
				CLANG_WARN_UNREACHABLE_CODE = YES;
				CLANG_WARN__DUPLICATE_METHOD_MATCH = YES;
				"CODE_SIGN_IDENTITY[sdk=iphoneos*]" = "iPhone Developer";
				COPY_PHASE_STRIP = NO;
				DEBUG_INFORMATION_FORMAT = "dwarf-with-dsym";
				ENABLE_NS_ASSERTIONS = NO;
				ENABLE_STRICT_OBJC_MSGSEND = YES;
				GCC_C_LANGUAGE_STANDARD = gnu99;
				GCC_NO_COMMON_BLOCKS = YES;
				GCC_WARN_64_TO_32_BIT_CONVERSION = YES;
				GCC_WARN_ABOUT_RETURN_TYPE = YES_ERROR;
				GCC_WARN_UNDECLARED_SELECTOR = YES;
				GCC_WARN_UNINITIALIZED_AUTOS = YES_AGGRESSIVE;
				GCC_WARN_UNUSED_FUNCTION = YES;
				GCC_WARN_UNUSED_VARIABLE = YES;
				IPHONEOS_DEPLOYMENT_TARGET = 10.3;
				MTL_ENABLE_DEBUG_INFO = NO;
				SDKROOT = iphoneos;
				SWIFT_OPTIMIZATION_LEVEL = "-Owholemodule";
				TARGETED_DEVICE_FAMILY = "1,2";
				VALIDATE_PRODUCT = YES;
			};
			name = Release;
		};
		DA7EE8D71ED5170A00EFEF28 /* Debug */ = {
			isa = XCBuildConfiguration;
			buildSettings = {
				ASSETCATALOG_COMPILER_APPICON_NAME = AppIcon;
				DEVELOPMENT_TEAM = 733J326MK6;
				INFOPLIST_FILE = SimpleOperationQueue/Info.plist;
				LD_RUNPATH_SEARCH_PATHS = "$(inherited) @executable_path/Frameworks";
				PRODUCT_BUNDLE_IDENTIFIER = net.linck.SimpleOperationQueue;
				PRODUCT_NAME = "$(TARGET_NAME)";
				SWIFT_VERSION = 3.0;
			};
			name = Debug;
		};
		DA7EE8D81ED5170A00EFEF28 /* Release */ = {
			isa = XCBuildConfiguration;
			buildSettings = {
				ASSETCATALOG_COMPILER_APPICON_NAME = AppIcon;
				DEVELOPMENT_TEAM = 733J326MK6;
				INFOPLIST_FILE = SimpleOperationQueue/Info.plist;
				LD_RUNPATH_SEARCH_PATHS = "$(inherited) @executable_path/Frameworks";
				PRODUCT_BUNDLE_IDENTIFIER = net.linck.SimpleOperationQueue;
				PRODUCT_NAME = "$(TARGET_NAME)";
				SWIFT_VERSION = 3.0;
			};
			name = Release;
		};
/* End XCBuildConfiguration section */

/* Begin XCConfigurationList section */
		DA7EE8BF1ED5170A00EFEF28 /* Build configuration list for PBXProject "SimpleOperationQueue" */ = {
			isa = XCConfigurationList;
			buildConfigurations = (
				DA7EE8D41ED5170A00EFEF28 /* Debug */,
				DA7EE8D51ED5170A00EFEF28 /* Release */,
			);
			defaultConfigurationIsVisible = 0;
			defaultConfigurationName = Release;
		};
		DA7EE8D61ED5170A00EFEF28 /* Build configuration list for PBXNativeTarget "SimpleOperationQueue" */ = {
			isa = XCConfigurationList;
			buildConfigurations = (
				DA7EE8D71ED5170A00EFEF28 /* Debug */,
				DA7EE8D81ED5170A00EFEF28 /* Release */,
			);
			defaultConfigurationIsVisible = 0;
		};
/* End XCConfigurationList section */
	};
	rootObject = DA7EE8BC1ED5170A00EFEF28 /* Project object */;
}
